// !$*UTF8*$!
{
	archiveVersion = 1;
	classes = {
	};
	objectVersion = 46;
	objects = {

/* Begin PBXBuildFile section */
		B9BFBF141B319AA60080DB5C /* main.m in Sources */ = {isa = PBXBuildFile; fileRef = B9BFBF131B319AA60080DB5C /* main.m */; };
		B9BFBF171B319AA60080DB5C /* AppDelegate.m in Sources */ = {isa = PBXBuildFile; fileRef = B9BFBF161B319AA60080DB5C /* AppDelegate.m */; };
		B9BFBF1A1B319AA60080DB5C /* ViewController.m in Sources */ = {isa = PBXBuildFile; fileRef = B9BFBF191B319AA60080DB5C /* ViewController.m */; };
		B9BFBF1D1B319AA60080DB5C /* Main.storyboard in Resources */ = {isa = PBXBuildFile; fileRef = B9BFBF1B1B319AA60080DB5C /* Main.storyboard */; };
		B9BFBF1F1B319AA60080DB5C /* Images.xcassets in Resources */ = {isa = PBXBuildFile; fileRef = B9BFBF1E1B319AA60080DB5C /* Images.xcassets */; };
		B9BFBF221B319AA60080DB5C /* LaunchScreen.xib in Resources */ = {isa = PBXBuildFile; fileRef = B9BFBF201B319AA60080DB5C /* LaunchScreen.xib */; };
		B9BFBF2E1B319AA60080DB5C /* ConstraintsHelperTests.m in Sources */ = {isa = PBXBuildFile; fileRef = B9BFBF2D1B319AA60080DB5C /* ConstraintsHelperTests.m */; };
/* End PBXBuildFile section */

/* Begin PBXContainerItemProxy section */
		B9BFBF281B319AA60080DB5C /* PBXContainerItemProxy */ = {
			isa = PBXContainerItemProxy;
			containerPortal = B9BFBF061B319AA60080DB5C /* Project object */;
			proxyType = 1;
			remoteGlobalIDString = B9BFBF0D1B319AA60080DB5C;
			remoteInfo = ConstraintsHelper;
		};
/* End PBXContainerItemProxy section */

/* Begin PBXFileReference section */
		B9BFBF0E1B319AA60080DB5C /* ConstraintsHelper.app */ = {isa = PBXFileReference; explicitFileType = wrapper.application; includeInIndex = 0; path = ConstraintsHelper.app; sourceTree = BUILT_PRODUCTS_DIR; };
		B9BFBF121B319AA60080DB5C /* Info.plist */ = {isa = PBXFileReference; lastKnownFileType = text.plist.xml; path = Info.plist; sourceTree = "<group>"; };
		B9BFBF131B319AA60080DB5C /* main.m */ = {isa = PBXFileReference; lastKnownFileType = sourcecode.c.objc; path = main.m; sourceTree = "<group>"; };
		B9BFBF151B319AA60080DB5C /* AppDelegate.h */ = {isa = PBXFileReference; lastKnownFileType = sourcecode.c.h; path = AppDelegate.h; sourceTree = "<group>"; };
		B9BFBF161B319AA60080DB5C /* AppDelegate.m */ = {isa = PBXFileReference; lastKnownFileType = sourcecode.c.objc; path = AppDelegate.m; sourceTree = "<group>"; };
		B9BFBF181B319AA60080DB5C /* ViewController.h */ = {isa = PBXFileReference; lastKnownFileType = sourcecode.c.h; path = ViewController.h; sourceTree = "<group>"; };
		B9BFBF191B319AA60080DB5C /* ViewController.m */ = {isa = PBXFileReference; lastKnownFileType = sourcecode.c.objc; path = ViewController.m; sourceTree = "<group>"; };
		B9BFBF1C1B319AA60080DB5C /* Base */ = {isa = PBXFileReference; lastKnownFileType = file.storyboard; name = Base; path = Base.lproj/Main.storyboard; sourceTree = "<group>"; };
		B9BFBF1E1B319AA60080DB5C /* Images.xcassets */ = {isa = PBXFileReference; lastKnownFileType = folder.assetcatalog; path = Images.xcassets; sourceTree = "<group>"; };
		B9BFBF211B319AA60080DB5C /* Base */ = {isa = PBXFileReference; lastKnownFileType = file.xib; name = Base; path = Base.lproj/LaunchScreen.xib; sourceTree = "<group>"; };
		B9BFBF271B319AA60080DB5C /* ConstraintsHelperTests.xctest */ = {isa = PBXFileReference; explicitFileType = wrapper.cfbundle; includeInIndex = 0; path = ConstraintsHelperTests.xctest; sourceTree = BUILT_PRODUCTS_DIR; };
		B9BFBF2C1B319AA60080DB5C /* Info.plist */ = {isa = PBXFileReference; lastKnownFileType = text.plist.xml; path = Info.plist; sourceTree = "<group>"; };
		B9BFBF2D1B319AA60080DB5C /* ConstraintsHelperTests.m */ = {isa = PBXFileReference; lastKnownFileType = sourcecode.c.objc; path = ConstraintsHelperTests.m; sourceTree = "<group>"; };
/* End PBXFileReference section */

/* Begin PBXFrameworksBuildPhase section */
		B9BFBF0B1B319AA60080DB5C /* Frameworks */ = {
			isa = PBXFrameworksBuildPhase;
			buildActionMask = 2147483647;
			files = (
			);
			runOnlyForDeploymentPostprocessing = 0;
		};
		B9BFBF241B319AA60080DB5C /* Frameworks */ = {
			isa = PBXFrameworksBuildPhase;
			buildActionMask = 2147483647;
			files = (
			);
			runOnlyForDeploymentPostprocessing = 0;
		};
/* End PBXFrameworksBuildPhase section */

/* Begin PBXGroup section */
		B9BFBF051B319AA60080DB5C = {
			isa = PBXGroup;
			children = (
				B9BFBF101B319AA60080DB5C /* ConstraintsHelper */,
				B9BFBF2A1B319AA60080DB5C /* ConstraintsHelperTests */,
				B9BFBF0F1B319AA60080DB5C /* Products */,
			);
			sourceTree = "<group>";
		};
		B9BFBF0F1B319AA60080DB5C /* Products */ = {
			isa = PBXGroup;
			children = (
				B9BFBF0E1B319AA60080DB5C /* ConstraintsHelper.app */,
				B9BFBF271B319AA60080DB5C /* ConstraintsHelperTests.xctest */,
			);
			name = Products;
			sourceTree = "<group>";
		};
		B9BFBF101B319AA60080DB5C /* ConstraintsHelper */ = {
			isa = PBXGroup;
			children = (
				B9BFBF151B319AA60080DB5C /* AppDelegate.h */,
				B9BFBF161B319AA60080DB5C /* AppDelegate.m */,
				B9BFBF181B319AA60080DB5C /* ViewController.h */,
				B9BFBF191B319AA60080DB5C /* ViewController.m */,
				B9BFBF1B1B319AA60080DB5C /* Main.storyboard */,
				B9BFBF1E1B319AA60080DB5C /* Images.xcassets */,
				B9BFBF201B319AA60080DB5C /* LaunchScreen.xib */,
				B9BFBF111B319AA60080DB5C /* Supporting Files */,
			);
			path = ConstraintsHelper;
			sourceTree = "<group>";
		};
		B9BFBF111B319AA60080DB5C /* Supporting Files */ = {
			isa = PBXGroup;
			children = (
				B9BFBF121B319AA60080DB5C /* Info.plist */,
				B9BFBF131B319AA60080DB5C /* main.m */,
			);
			name = "Supporting Files";
			sourceTree = "<group>";
		};
		B9BFBF2A1B319AA60080DB5C /* ConstraintsHelperTests */ = {
			isa = PBXGroup;
			children = (
				B9BFBF2D1B319AA60080DB5C /* ConstraintsHelperTests.m */,
				B9BFBF2B1B319AA60080DB5C /* Supporting Files */,
			);
			path = ConstraintsHelperTests;
			sourceTree = "<group>";
		};
		B9BFBF2B1B319AA60080DB5C /* Supporting Files */ = {
			isa = PBXGroup;
			children = (
				B9BFBF2C1B319AA60080DB5C /* Info.plist */,
			);
			name = "Supporting Files";
			sourceTree = "<group>";
		};
/* End PBXGroup section */

/* Begin PBXNativeTarget section */
		B9BFBF0D1B319AA60080DB5C /* ConstraintsHelper */ = {
			isa = PBXNativeTarget;
			buildConfigurationList = B9BFBF311B319AA60080DB5C /* Build configuration list for PBXNativeTarget "ConstraintsHelper" */;
			buildPhases = (
				B9BFBF0A1B319AA60080DB5C /* Sources */,
				B9BFBF0B1B319AA60080DB5C /* Frameworks */,
				B9BFBF0C1B319AA60080DB5C /* Resources */,
			);
			buildRules = (
			);
			dependencies = (
			);
			name = ConstraintsHelper;
			productName = ConstraintsHelper;
			productReference = B9BFBF0E1B319AA60080DB5C /* ConstraintsHelper.app */;
			productType = "com.apple.product-type.application";
		};
		B9BFBF261B319AA60080DB5C /* ConstraintsHelperTests */ = {
			isa = PBXNativeTarget;
			buildConfigurationList = B9BFBF341B319AA60080DB5C /* Build configuration list for PBXNativeTarget "ConstraintsHelperTests" */;
			buildPhases = (
				B9BFBF231B319AA60080DB5C /* Sources */,
				B9BFBF241B319AA60080DB5C /* Frameworks */,
				B9BFBF251B319AA60080DB5C /* Resources */,
			);
			buildRules = (
			);
			dependencies = (
				B9BFBF291B319AA60080DB5C /* PBXTargetDependency */,
			);
			name = ConstraintsHelperTests;
			productName = ConstraintsHelperTests;
			productReference = B9BFBF271B319AA60080DB5C /* ConstraintsHelperTests.xctest */;
			productType = "com.apple.product-type.bundle.unit-test";
		};
/* End PBXNativeTarget section */

/* Begin PBXProject section */
		B9BFBF061B319AA60080DB5C /* Project object */ = {
			isa = PBXProject;
			attributes = {
				LastUpgradeCheck = 0630;
				ORGANIZATIONNAME = "Richard Adem";
				TargetAttributes = {
					B9BFBF0D1B319AA60080DB5C = {
						CreatedOnToolsVersion = 6.3.2;
					};
					B9BFBF261B319AA60080DB5C = {
						CreatedOnToolsVersion = 6.3.2;
						TestTargetID = B9BFBF0D1B319AA60080DB5C;
					};
				};
			};
			buildConfigurationList = B9BFBF091B319AA60080DB5C /* Build configuration list for PBXProject "ConstraintsHelper" */;
			compatibilityVersion = "Xcode 3.2";
			developmentRegion = English;
			hasScannedForEncodings = 0;
			knownRegions = (
				en,
				Base,
			);
			mainGroup = B9BFBF051B319AA60080DB5C;
			productRefGroup = B9BFBF0F1B319AA60080DB5C /* Products */;
			projectDirPath = "";
			projectRoot = "";
			targets = (
				B9BFBF0D1B319AA60080DB5C /* ConstraintsHelper */,
				B9BFBF261B319AA60080DB5C /* ConstraintsHelperTests */,
			);
		};
/* End PBXProject section */

/* Begin PBXResourcesBuildPhase section */
		B9BFBF0C1B319AA60080DB5C /* Resources */ = {
			isa = PBXResourcesBuildPhase;
			buildActionMask = 2147483647;
			files = (
				B9BFBF1D1B319AA60080DB5C /* Main.storyboard in Resources */,
				B9BFBF221B319AA60080DB5C /* LaunchScreen.xib in Resources */,
				B9BFBF1F1B319AA60080DB5C /* Images.xcassets in Resources */,
			);
			runOnlyForDeploymentPostprocessing = 0;
		};
		B9BFBF251B319AA60080DB5C /* Resources */ = {
			isa = PBXResourcesBuildPhase;
			buildActionMask = 2147483647;
			files = (
			);
			runOnlyForDeploymentPostprocessing = 0;
		};
/* End PBXResourcesBuildPhase section */

/* Begin PBXSourcesBuildPhase section */
		B9BFBF0A1B319AA60080DB5C /* Sources */ = {
			isa = PBXSourcesBuildPhase;
			buildActionMask = 2147483647;
			files = (
				B9BFBF1A1B319AA60080DB5C /* ViewController.m in Sources */,
				B9BFBF171B319AA60080DB5C /* AppDelegate.m in Sources */,
				B9BFBF141B319AA60080DB5C /* main.m in Sources */,
			);
			runOnlyForDeploymentPostprocessing = 0;
		};
		B9BFBF231B319AA60080DB5C /* Sources */ = {
			isa = PBXSourcesBuildPhase;
			buildActionMask = 2147483647;
			files = (
				B9BFBF2E1B319AA60080DB5C /* ConstraintsHelperTests.m in Sources */,
			);
			runOnlyForDeploymentPostprocessing = 0;
		};
/* End PBXSourcesBuildPhase section */

/* Begin PBXTargetDependency section */
		B9BFBF291B319AA60080DB5C /* PBXTargetDependency */ = {
			isa = PBXTargetDependency;
			target = B9BFBF0D1B319AA60080DB5C /* ConstraintsHelper */;
			targetProxy = B9BFBF281B319AA60080DB5C /* PBXContainerItemProxy */;
		};
/* End PBXTargetDependency section */

/* Begin PBXVariantGroup section */
		B9BFBF1B1B319AA60080DB5C /* Main.storyboard */ = {
			isa = PBXVariantGroup;
			children = (
				B9BFBF1C1B319AA60080DB5C /* Base */,
			);
			name = Main.storyboard;
			sourceTree = "<group>";
		};
		B9BFBF201B319AA60080DB5C /* LaunchScreen.xib */ = {
			isa = PBXVariantGroup;
			children = (
				B9BFBF211B319AA60080DB5C /* Base */,
			);
			name = LaunchScreen.xib;
			sourceTree = "<group>";
		};
/* End PBXVariantGroup section */

/* Begin XCBuildConfiguration section */
		B9BFBF2F1B319AA60080DB5C /* Debug */ = {
			isa = XCBuildConfiguration;
			buildSettings = {
				ALWAYS_SEARCH_USER_PATHS = NO;
				CLANG_CXX_LANGUAGE_STANDARD = "gnu++0x";
				CLANG_CXX_LIBRARY = "libc++";
				CLANG_ENABLE_MODULES = YES;
				CLANG_ENABLE_OBJC_ARC = YES;
				CLANG_WARN_BOOL_CONVERSION = YES;
				CLANG_WARN_CONSTANT_CONVERSION = YES;
				CLANG_WARN_DIRECT_OBJC_ISA_USAGE = YES_ERROR;
				CLANG_WARN_EMPTY_BODY = YES;
				CLANG_WARN_ENUM_CONVERSION = YES;
				CLANG_WARN_INT_CONVERSION = YES;
				CLANG_WARN_OBJC_ROOT_CLASS = YES_ERROR;
				CLANG_WARN_UNREACHABLE_CODE = YES;
				CLANG_WARN__DUPLICATE_METHOD_MATCH = YES;
				"CODE_SIGN_IDENTITY[sdk=iphoneos*]" = "iPhone Developer";
				COPY_PHASE_STRIP = NO;
				DEBUG_INFORMATION_FORMAT = "dwarf-with-dsym";
				ENABLE_STRICT_OBJC_MSGSEND = YES;
				GCC_C_LANGUAGE_STANDARD = gnu99;
				GCC_DYNAMIC_NO_PIC = NO;
				GCC_NO_COMMON_BLOCKS = YES;
				GCC_OPTIMIZATION_LEVEL = 0;
				GCC_PREPROCESSOR_DEFINITIONS = (
					"DEBUG=1",
					"$(inherited)",
				);
				GCC_SYMBOLS_PRIVATE_EXTERN = NO;
				GCC_WARN_64_TO_32_BIT_CONVERSION = YES;
				GCC_WARN_ABOUT_RETURN_TYPE = YES_ERROR;
				GCC_WARN_UNDECLARED_SELECTOR = YES;
				GCC_WARN_UNINITIALIZED_AUTOS = YES_AGGRESSIVE;
				GCC_WARN_UNUSED_FUNCTION = YES;
				GCC_WARN_UNUSED_VARIABLE = YES;
				IPHONEOS_DEPLOYMENT_TARGET = 8.3;
				MTL_ENABLE_DEBUG_INFO = YES;
				ONLY_ACTIVE_ARCH = YES;
				SDKROOT = iphoneos;
				TARGETED_DEVICE_FAMILY = "1,2";
			};
			name = Debug;
		};
		B9BFBF301B319AA60080DB5C /* Release */ = {
			isa = XCBuildConfiguration;
			buildSettings = {
				ALWAYS_SEARCH_USER_PATHS = NO;
				CLANG_CXX_LANGUAGE_STANDARD = "gnu++0x";
				CLANG_CXX_LIBRARY = "libc++";
				CLANG_ENABLE_MODULES = YES;
				CLANG_ENABLE_OBJC_ARC = YES;
				CLANG_WARN_BOOL_CONVERSION = YES;
				CLANG_WARN_CONSTANT_CONVERSION = YES;
				CLANG_WARN_DIRECT_OBJC_ISA_USAGE = YES_ERROR;
				CLANG_WARN_EMPTY_BODY = YES;
				CLANG_WARN_ENUM_CONVERSION = YES;
				CLANG_WARN_INT_CONVERSION = YES;
				CLANG_WARN_OBJC_ROOT_CLASS = YES_ERROR;
				CLANG_WARN_UNREACHABLE_CODE = YES;
				CLANG_WARN__DUPLICATE_METHOD_MATCH = YES;
				"CODE_SIGN_IDENTITY[sdk=iphoneos*]" = "iPhone Developer";
				COPY_PHASE_STRIP = NO;
				DEBUG_INFORMATION_FORMAT = "dwarf-with-dsym";
				ENABLE_NS_ASSERTIONS = NO;
				ENABLE_STRICT_OBJC_MSGSEND = YES;
				GCC_C_LANGUAGE_STANDARD = gnu99;
				GCC_NO_COMMON_BLOCKS = YES;
				GCC_WARN_64_TO_32_BIT_CONVERSION = YES;
				GCC_WARN_ABOUT_RETURN_TYPE = YES_ERROR;
				GCC_WARN_UNDECLARED_SELECTOR = YES;
				GCC_WARN_UNINITIALIZED_AUTOS = YES_AGGRESSIVE;
				GCC_WARN_UNUSED_FUNCTION = YES;
				GCC_WARN_UNUSED_VARIABLE = YES;
				IPHONEOS_DEPLOYMENT_TARGET = 8.3;
				MTL_ENABLE_DEBUG_INFO = NO;
				SDKROOT = iphoneos;
				TARGETED_DEVICE_FAMILY = "1,2";
				VALIDATE_PRODUCT = YES;
			};
			name = Release;
		};
		B9BFBF321B319AA60080DB5C /* Debug */ = {
			isa = XCBuildConfiguration;
			buildSettings = {
				ASSETCATALOG_COMPILER_APPICON_NAME = AppIcon;
				INFOPLIST_FILE = ConstraintsHelper/Info.plist;
				LD_RUNPATH_SEARCH_PATHS = "$(inherited) @executable_path/Frameworks";
				PRODUCT_NAME = "$(TARGET_NAME)";
			};
			name = Debug;
		};
		B9BFBF331B319AA60080DB5C /* Release */ = {
			isa = XCBuildConfiguration;
			buildSettings = {
				ASSETCATALOG_COMPILER_APPICON_NAME = AppIcon;
				INFOPLIST_FILE = ConstraintsHelper/Info.plist;
				LD_RUNPATH_SEARCH_PATHS = "$(inherited) @executable_path/Frameworks";
				PRODUCT_NAME = "$(TARGET_NAME)";
			};
			name = Release;
		};
		B9BFBF351B319AA60080DB5C /* Debug */ = {
			isa = XCBuildConfiguration;
			buildSettings = {
				BUNDLE_LOADER = "$(TEST_HOST)";
				FRAMEWORK_SEARCH_PATHS = (
					"$(SDKROOT)/Developer/Library/Frameworks",
					"$(inherited)",
				);
				GCC_PREPROCESSOR_DEFINITIONS = (
					"DEBUG=1",
					"$(inherited)",
				);
				INFOPLIST_FILE = ConstraintsHelperTests/Info.plist;
				LD_RUNPATH_SEARCH_PATHS = "$(inherited) @executable_path/Frameworks @loader_path/Frameworks";
				PRODUCT_NAME = "$(TARGET_NAME)";
				TEST_HOST = "$(BUILT_PRODUCTS_DIR)/ConstraintsHelper.app/ConstraintsHelper";
			};
			name = Debug;
		};
		B9BFBF361B319AA60080DB5C /* Release */ = {
			isa = XCBuildConfiguration;
			buildSettings = {
				BUNDLE_LOADER = "$(TEST_HOST)";
				FRAMEWORK_SEARCH_PATHS = (
					"$(SDKROOT)/Developer/Library/Frameworks",
					"$(inherited)",
				);
				INFOPLIST_FILE = ConstraintsHelperTests/Info.plist;
				LD_RUNPATH_SEARCH_PATHS = "$(inherited) @executable_path/Frameworks @loader_path/Frameworks";
				PRODUCT_NAME = "$(TARGET_NAME)";
				TEST_HOST = "$(BUILT_PRODUCTS_DIR)/ConstraintsHelper.app/ConstraintsHelper";
			};
			name = Release;
		};
/* End XCBuildConfiguration section */

/* Begin XCConfigurationList section */
		B9BFBF091B319AA60080DB5C /* Build configuration list for PBXProject "ConstraintsHelper" */ = {
			isa = XCConfigurationList;
			buildConfigurations = (
				B9BFBF2F1B319AA60080DB5C /* Debug */,
				B9BFBF301B319AA60080DB5C /* Release */,
			);
			defaultConfigurationIsVisible = 0;
			defaultConfigurationName = Release;
		};
		B9BFBF311B319AA60080DB5C /* Build configuration list for PBXNativeTarget "ConstraintsHelper" */ = {
			isa = XCConfigurationList;
			buildConfigurations = (
				B9BFBF321B319AA60080DB5C /* Debug */,
				B9BFBF331B319AA60080DB5C /* Release */,
			);
			defaultConfigurationIsVisible = 0;
		};
		B9BFBF341B319AA60080DB5C /* Build configuration list for PBXNativeTarget "ConstraintsHelperTests" */ = {
			isa = XCConfigurationList;
			buildConfigurations = (
				B9BFBF351B319AA60080DB5C /* Debug */,
				B9BFBF361B319AA60080DB5C /* Release */,
			);
			defaultConfigurationIsVisible = 0;
		};
/* End XCConfigurationList section */
	};
	rootObject = B9BFBF061B319AA60080DB5C /* Project object */;
}
